
Microsoft Visual Studio Solution File, Format Version 12.00
# Visual Studio Version 17
VisualStudioVersion = 17.2.32505.173
MinimumVisualStudioVersion = 10.0.40219.1
Project("{FAE04EC0-301F-11D3-BF4B-00C04F79EFBC}") = "ITMO.CSCourse2022", "ITMO.CSCourse2022\ITMO.CSCourse2022.csproj", "{BBC3AA86-C457-44BC-83BB-5C48A81819DA}"
EndProject
Global
	GlobalSection(SolutionConfigurationPlatforms) = preSolution
		Debug|Any CPU = Debug|Any CPU
		Release|Any CPU = Release|Any CPU
	EndGlobalSection
	GlobalSection(ProjectConfigurationPlatforms) = postSolution
		{BBC3AA86-C457-44BC-83BB-5C48A81819DA}.Debug|Any CPU.ActiveCfg = Debug|Any CPU
		{BBC3AA86-C457-44BC-83BB-5C48A81819DA}.Debug|Any CPU.Build.0 = Debug|Any CPU
		{BBC3AA86-C457-44BC-83BB-5C48A81819DA}.Release|Any CPU.ActiveCfg = Release|Any CPU
		{BBC3AA86-C457-44BC-83BB-5C48A81819DA}.Release|Any CPU.Build.0 = Release|Any CPU
	EndGlobalSection
	GlobalSection(SolutionProperties) = preSolution
		HideSolutionNode = FALSE
	EndGlobalSection
	GlobalSection(ExtensibilityGlobals) = postSolution
		SolutionGuid = {B290D078-0F90-498E-9D1C-E5D4C7A12756}
	EndGlobalSection
EndGlobal
