
Microsoft Visual Studio Solution File, Format Version 12.00
# Visual Studio Version 17
VisualStudioVersion = 17.2.32505.173
MinimumVisualStudioVersion = 10.0.40219.1
Project("{2150E333-8FDC-42A3-9474-1A3956D46DE8}") = "Lab1", "Lab1", "{8AE6C94C-4284-43A0-9276-A57D9D979C61}"
EndProject
Project("{FAE04EC0-301F-11D3-BF4B-00C04F79EFBC}") = "Exercise1", "Lab1\Exercise1\Exercise1.csproj", "{FC6A0205-A642-407B-81D7-B5743B9B5ABF}"
EndProject
Project("{FAE04EC0-301F-11D3-BF4B-00C04F79EFBC}") = "Exercise4", "Lab1\Exercise4\Exercise4.csproj", "{7E70767E-37EA-4036-9639-FA16EA21347E}"
EndProject
Project("{2150E333-8FDC-42A3-9474-1A3956D46DE8}") = "Lab2", "Lab2", "{ED775462-DDDE-4E35-B87E-3FF38AC06434}"
EndProject
Project("{FAE04EC0-301F-11D3-BF4B-00C04F79EFBC}") = "Ex1.BankAccount", "Lab2\Ex1.BankAccount\Ex1.BankAccount.csproj", "{56F8CDD2-B7E4-4681-B5BD-4E70C6C70678}"
EndProject
Project("{FAE04EC0-301F-11D3-BF4B-00C04F79EFBC}") = "Ex2.StructType", "Lab2\Ex2.StructType\Ex2.StructType.csproj", "{B9402313-23B5-4CF6-B68A-346B825638C0}"
EndProject
Project("{2150E333-8FDC-42A3-9474-1A3956D46DE8}") = "Lab3", "Lab3", "{0F3C50A2-8C4B-4EC5-BA4C-683C544EEBFE}"
EndProject
Project("{FAE04EC0-301F-11D3-BF4B-00C04F79EFBC}") = "Ex.1WhatDay1", "Lab3\Ex.1WhatDay1\Ex.1WhatDay1.csproj", "{0CD3126B-AB61-4AF3-9476-7C245476D3B8}"
EndProject
Project("{FAE04EC0-301F-11D3-BF4B-00C04F79EFBC}") = "Ex.2WhatDay2", "Lab3\Ex.2WhatDay2\Ex.2WhatDay2.csproj", "{E155BC54-99B8-4001-9CBB-377B5610CEF8}"
EndProject
Project("{FAE04EC0-301F-11D3-BF4B-00C04F79EFBC}") = "Ex.2WhatDay3", "Lab3\Ex.2WhatDay3\Ex.2WhatDay3.csproj", "{21520A4C-EF5A-4097-9319-0A2AF9050B67}"
EndProject
Project("{2150E333-8FDC-42A3-9474-1A3956D46DE8}") = "Lab4", "Lab4", "{E64FE77B-768D-414E-8B36-445D4412C2E4}"
EndProject
Project("{FAE04EC0-301F-11D3-BF4B-00C04F79EFBC}") = "Ex.1Utility", "Lab4\Ex.1Utility\Ex.1Utility.csproj", "{360C4DA1-8992-4669-B41A-9B2D12C3D9EE}"
EndProject
Project("{FAE04EC0-301F-11D3-BF4B-00C04F79EFBC}") = "Ex.2Utility", "Lab4\Ex.2Utility\Ex.2Utility.csproj", "{898798AE-4CFE-427A-BFEB-D3F6AC345FDD}"
EndProject
Project("{2150E333-8FDC-42A3-9474-1A3956D46DE8}") = "Lab5", "Lab5", "{35877365-751E-42F5-95E5-76B582EEB337}"
EndProject
Project("{FAE04EC0-301F-11D3-BF4B-00C04F79EFBC}") = "Ex.1FileDetails", "Lab5\Ex.1FileDetails\Ex.1FileDetails.csproj", "{4508022D-6C56-4E5B-9091-258FB2DDC024}"
EndProject
Project("{2150E333-8FDC-42A3-9474-1A3956D46DE8}") = "Lab6", "Lab6", "{3DB720C6-14BE-4ABF-BFE4-E26AF6658D51}"
EndProject
Project("{FAE04EC0-301F-11D3-BF4B-00C04F79EFBC}") = "Ex.1CreateAccount", "Lab6\Ex.1CreateAccount\Ex.1CreateAccount.csproj", "{EB55A305-3CB2-48E6-BA82-63CAB1D8B674}"
EndProject
Project("{FAE04EC0-301F-11D3-BF4B-00C04F79EFBC}") = "Ex.2BankAccount", "Lab6\Ex.2BankAccount\Ex.2BankAccount.csproj", "{E9F4397A-917F-4ECA-A25A-7A6C7FFC91F0}"
EndProject
Project("{2150E333-8FDC-42A3-9474-1A3956D46DE8}") = "Lab7", "Lab7", "{3DF10C8E-A5E9-47D0-8E28-7D03E6531FF4}"
EndProject
Project("{FAE04EC0-301F-11D3-BF4B-00C04F79EFBC}") = "Ex.1TransferFrom", "Lab7\Ex.1TransferFrom\Ex.1TransferFrom.csproj", "{0588C2D1-6648-460F-9C65-41D113F5C458}"
EndProject
Project("{FAE04EC0-301F-11D3-BF4B-00C04F79EFBC}") = "Ex.2Reverse", "Lab7\Ex.2Reverse\Ex.2Reverse.csproj", "{CBA3CFB4-0268-4D61-BF4B-848C37D3614E}"
EndProject
Project("{2150E333-8FDC-42A3-9474-1A3956D46DE8}") = "Lab8", "Lab8", "{78C55BAC-F4A3-4C33-8A95-0EA37D814646}"
EndProject
Project("{FAE04EC0-301F-11D3-BF4B-00C04F79EFBC}") = "Ex1.Constructors", "Lab8\Ex1.Constructors\Ex1.Constructors.csproj", "{4008740E-6908-482E-A522-E0979B9F0F99}"
EndProject
Project("{FAE04EC0-301F-11D3-BF4B-00C04F79EFBC}") = "Ex2.Readonly", "Lab8\Ex2.Readonly\Ex2.Readonly.csproj", "{09158F44-6852-407A-B749-4C9784FE53C6}"
EndProject
Project("{2150E333-8FDC-42A3-9474-1A3956D46DE8}") = "Lab9", "Lab9", "{4939FDC7-5EFA-460B-B4F9-21482BB1929E}"
EndProject
Project("{FAE04EC0-301F-11D3-BF4B-00C04F79EFBC}") = "Ex1.ColorTokeniser", "Lab9\Ex1.ColorTokeniser\Ex1.ColorTokeniser.csproj", "{BCF55FC9-96BB-44B6-B751-8B156EE2E7D2}"
EndProject
Project("{2150E333-8FDC-42A3-9474-1A3956D46DE8}") = "Lab10", "Lab10", "{F201331E-D8DA-47B8-B91E-6D7314076B5B}"
EndProject
Project("{FAE04EC0-301F-11D3-BF4B-00C04F79EFBC}") = "Ex1.Internal", "Lab10\Ex1.Internal\Ex1.Internal.csproj", "{F8671189-2125-438C-B4E0-CB2694C8CDC6}"
EndProject
Project("{FAE04EC0-301F-11D3-BF4B-00C04F79EFBC}") = "Ex2.Assembly", "Lab10\Ex2.Assembly\Ex2.Assembly.csproj", "{49CFF62F-FED1-4711-94C9-D6648960755D}"
EndProject
Global
	GlobalSection(SolutionConfigurationPlatforms) = preSolution
		Debug|Any CPU = Debug|Any CPU
		Release|Any CPU = Release|Any CPU
	EndGlobalSection
	GlobalSection(ProjectConfigurationPlatforms) = postSolution
		{FC6A0205-A642-407B-81D7-B5743B9B5ABF}.Debug|Any CPU.ActiveCfg = Debug|Any CPU
		{FC6A0205-A642-407B-81D7-B5743B9B5ABF}.Debug|Any CPU.Build.0 = Debug|Any CPU
		{FC6A0205-A642-407B-81D7-B5743B9B5ABF}.Release|Any CPU.ActiveCfg = Release|Any CPU
		{FC6A0205-A642-407B-81D7-B5743B9B5ABF}.Release|Any CPU.Build.0 = Release|Any CPU
		{7E70767E-37EA-4036-9639-FA16EA21347E}.Debug|Any CPU.ActiveCfg = Debug|Any CPU
		{7E70767E-37EA-4036-9639-FA16EA21347E}.Debug|Any CPU.Build.0 = Debug|Any CPU
		{7E70767E-37EA-4036-9639-FA16EA21347E}.Release|Any CPU.ActiveCfg = Release|Any CPU
		{7E70767E-37EA-4036-9639-FA16EA21347E}.Release|Any CPU.Build.0 = Release|Any CPU
		{56F8CDD2-B7E4-4681-B5BD-4E70C6C70678}.Debug|Any CPU.ActiveCfg = Debug|Any CPU
		{56F8CDD2-B7E4-4681-B5BD-4E70C6C70678}.Debug|Any CPU.Build.0 = Debug|Any CPU
		{56F8CDD2-B7E4-4681-B5BD-4E70C6C70678}.Release|Any CPU.ActiveCfg = Release|Any CPU
		{56F8CDD2-B7E4-4681-B5BD-4E70C6C70678}.Release|Any CPU.Build.0 = Release|Any CPU
		{B9402313-23B5-4CF6-B68A-346B825638C0}.Debug|Any CPU.ActiveCfg = Debug|Any CPU
		{B9402313-23B5-4CF6-B68A-346B825638C0}.Debug|Any CPU.Build.0 = Debug|Any CPU
		{B9402313-23B5-4CF6-B68A-346B825638C0}.Release|Any CPU.ActiveCfg = Release|Any CPU
		{B9402313-23B5-4CF6-B68A-346B825638C0}.Release|Any CPU.Build.0 = Release|Any CPU
		{0CD3126B-AB61-4AF3-9476-7C245476D3B8}.Debug|Any CPU.ActiveCfg = Debug|Any CPU
		{0CD3126B-AB61-4AF3-9476-7C245476D3B8}.Debug|Any CPU.Build.0 = Debug|Any CPU
		{0CD3126B-AB61-4AF3-9476-7C245476D3B8}.Release|Any CPU.ActiveCfg = Release|Any CPU
		{0CD3126B-AB61-4AF3-9476-7C245476D3B8}.Release|Any CPU.Build.0 = Release|Any CPU
		{E155BC54-99B8-4001-9CBB-377B5610CEF8}.Debug|Any CPU.ActiveCfg = Debug|Any CPU
		{E155BC54-99B8-4001-9CBB-377B5610CEF8}.Debug|Any CPU.Build.0 = Debug|Any CPU
		{E155BC54-99B8-4001-9CBB-377B5610CEF8}.Release|Any CPU.ActiveCfg = Release|Any CPU
		{E155BC54-99B8-4001-9CBB-377B5610CEF8}.Release|Any CPU.Build.0 = Release|Any CPU
		{21520A4C-EF5A-4097-9319-0A2AF9050B67}.Debug|Any CPU.ActiveCfg = Debug|Any CPU
		{21520A4C-EF5A-4097-9319-0A2AF9050B67}.Debug|Any CPU.Build.0 = Debug|Any CPU
		{21520A4C-EF5A-4097-9319-0A2AF9050B67}.Release|Any CPU.ActiveCfg = Release|Any CPU
		{21520A4C-EF5A-4097-9319-0A2AF9050B67}.Release|Any CPU.Build.0 = Release|Any CPU
		{360C4DA1-8992-4669-B41A-9B2D12C3D9EE}.Debug|Any CPU.ActiveCfg = Debug|Any CPU
		{360C4DA1-8992-4669-B41A-9B2D12C3D9EE}.Debug|Any CPU.Build.0 = Debug|Any CPU
		{360C4DA1-8992-4669-B41A-9B2D12C3D9EE}.Release|Any CPU.ActiveCfg = Release|Any CPU
		{360C4DA1-8992-4669-B41A-9B2D12C3D9EE}.Release|Any CPU.Build.0 = Release|Any CPU
		{898798AE-4CFE-427A-BFEB-D3F6AC345FDD}.Debug|Any CPU.ActiveCfg = Debug|Any CPU
		{898798AE-4CFE-427A-BFEB-D3F6AC345FDD}.Debug|Any CPU.Build.0 = Debug|Any CPU
		{898798AE-4CFE-427A-BFEB-D3F6AC345FDD}.Release|Any CPU.ActiveCfg = Release|Any CPU
		{898798AE-4CFE-427A-BFEB-D3F6AC345FDD}.Release|Any CPU.Build.0 = Release|Any CPU
		{4508022D-6C56-4E5B-9091-258FB2DDC024}.Debug|Any CPU.ActiveCfg = Debug|Any CPU
		{4508022D-6C56-4E5B-9091-258FB2DDC024}.Debug|Any CPU.Build.0 = Debug|Any CPU
		{4508022D-6C56-4E5B-9091-258FB2DDC024}.Release|Any CPU.ActiveCfg = Release|Any CPU
		{4508022D-6C56-4E5B-9091-258FB2DDC024}.Release|Any CPU.Build.0 = Release|Any CPU
		{EB55A305-3CB2-48E6-BA82-63CAB1D8B674}.Debug|Any CPU.ActiveCfg = Debug|Any CPU
		{EB55A305-3CB2-48E6-BA82-63CAB1D8B674}.Debug|Any CPU.Build.0 = Debug|Any CPU
		{EB55A305-3CB2-48E6-BA82-63CAB1D8B674}.Release|Any CPU.ActiveCfg = Release|Any CPU
		{EB55A305-3CB2-48E6-BA82-63CAB1D8B674}.Release|Any CPU.Build.0 = Release|Any CPU
		{E9F4397A-917F-4ECA-A25A-7A6C7FFC91F0}.Debug|Any CPU.ActiveCfg = Debug|Any CPU
		{E9F4397A-917F-4ECA-A25A-7A6C7FFC91F0}.Debug|Any CPU.Build.0 = Debug|Any CPU
		{E9F4397A-917F-4ECA-A25A-7A6C7FFC91F0}.Release|Any CPU.ActiveCfg = Release|Any CPU
		{E9F4397A-917F-4ECA-A25A-7A6C7FFC91F0}.Release|Any CPU.Build.0 = Release|Any CPU
		{0588C2D1-6648-460F-9C65-41D113F5C458}.Debug|Any CPU.ActiveCfg = Debug|Any CPU
		{0588C2D1-6648-460F-9C65-41D113F5C458}.Debug|Any CPU.Build.0 = Debug|Any CPU
		{0588C2D1-6648-460F-9C65-41D113F5C458}.Release|Any CPU.ActiveCfg = Release|Any CPU
		{0588C2D1-6648-460F-9C65-41D113F5C458}.Release|Any CPU.Build.0 = Release|Any CPU
		{CBA3CFB4-0268-4D61-BF4B-848C37D3614E}.Debug|Any CPU.ActiveCfg = Debug|Any CPU
		{CBA3CFB4-0268-4D61-BF4B-848C37D3614E}.Debug|Any CPU.Build.0 = Debug|Any CPU
		{CBA3CFB4-0268-4D61-BF4B-848C37D3614E}.Release|Any CPU.ActiveCfg = Release|Any CPU
		{CBA3CFB4-0268-4D61-BF4B-848C37D3614E}.Release|Any CPU.Build.0 = Release|Any CPU
		{4008740E-6908-482E-A522-E0979B9F0F99}.Debug|Any CPU.ActiveCfg = Debug|Any CPU
		{4008740E-6908-482E-A522-E0979B9F0F99}.Debug|Any CPU.Build.0 = Debug|Any CPU
		{4008740E-6908-482E-A522-E0979B9F0F99}.Release|Any CPU.ActiveCfg = Release|Any CPU
		{4008740E-6908-482E-A522-E0979B9F0F99}.Release|Any CPU.Build.0 = Release|Any CPU
		{09158F44-6852-407A-B749-4C9784FE53C6}.Debug|Any CPU.ActiveCfg = Debug|Any CPU
		{09158F44-6852-407A-B749-4C9784FE53C6}.Debug|Any CPU.Build.0 = Debug|Any CPU
		{09158F44-6852-407A-B749-4C9784FE53C6}.Release|Any CPU.ActiveCfg = Release|Any CPU
		{09158F44-6852-407A-B749-4C9784FE53C6}.Release|Any CPU.Build.0 = Release|Any CPU
		{BCF55FC9-96BB-44B6-B751-8B156EE2E7D2}.Debug|Any CPU.ActiveCfg = Debug|Any CPU
		{BCF55FC9-96BB-44B6-B751-8B156EE2E7D2}.Debug|Any CPU.Build.0 = Debug|Any CPU
		{BCF55FC9-96BB-44B6-B751-8B156EE2E7D2}.Release|Any CPU.ActiveCfg = Release|Any CPU
		{BCF55FC9-96BB-44B6-B751-8B156EE2E7D2}.Release|Any CPU.Build.0 = Release|Any CPU
		{F8671189-2125-438C-B4E0-CB2694C8CDC6}.Debug|Any CPU.ActiveCfg = Debug|Any CPU
		{F8671189-2125-438C-B4E0-CB2694C8CDC6}.Debug|Any CPU.Build.0 = Debug|Any CPU
		{F8671189-2125-438C-B4E0-CB2694C8CDC6}.Release|Any CPU.ActiveCfg = Release|Any CPU
		{F8671189-2125-438C-B4E0-CB2694C8CDC6}.Release|Any CPU.Build.0 = Release|Any CPU
		{49CFF62F-FED1-4711-94C9-D6648960755D}.Debug|Any CPU.ActiveCfg = Debug|Any CPU
		{49CFF62F-FED1-4711-94C9-D6648960755D}.Debug|Any CPU.Build.0 = Debug|Any CPU
		{49CFF62F-FED1-4711-94C9-D6648960755D}.Release|Any CPU.ActiveCfg = Release|Any CPU
		{49CFF62F-FED1-4711-94C9-D6648960755D}.Release|Any CPU.Build.0 = Release|Any CPU
	EndGlobalSection
	GlobalSection(SolutionProperties) = preSolution
		HideSolutionNode = FALSE
	EndGlobalSection
	GlobalSection(NestedProjects) = preSolution
		{FC6A0205-A642-407B-81D7-B5743B9B5ABF} = {8AE6C94C-4284-43A0-9276-A57D9D979C61}
		{7E70767E-37EA-4036-9639-FA16EA21347E} = {8AE6C94C-4284-43A0-9276-A57D9D979C61}
		{56F8CDD2-B7E4-4681-B5BD-4E70C6C70678} = {ED775462-DDDE-4E35-B87E-3FF38AC06434}
		{B9402313-23B5-4CF6-B68A-346B825638C0} = {ED775462-DDDE-4E35-B87E-3FF38AC06434}
		{0CD3126B-AB61-4AF3-9476-7C245476D3B8} = {0F3C50A2-8C4B-4EC5-BA4C-683C544EEBFE}
		{E155BC54-99B8-4001-9CBB-377B5610CEF8} = {0F3C50A2-8C4B-4EC5-BA4C-683C544EEBFE}
		{21520A4C-EF5A-4097-9319-0A2AF9050B67} = {0F3C50A2-8C4B-4EC5-BA4C-683C544EEBFE}
		{360C4DA1-8992-4669-B41A-9B2D12C3D9EE} = {E64FE77B-768D-414E-8B36-445D4412C2E4}
		{898798AE-4CFE-427A-BFEB-D3F6AC345FDD} = {E64FE77B-768D-414E-8B36-445D4412C2E4}
		{4508022D-6C56-4E5B-9091-258FB2DDC024} = {35877365-751E-42F5-95E5-76B582EEB337}
		{EB55A305-3CB2-48E6-BA82-63CAB1D8B674} = {3DB720C6-14BE-4ABF-BFE4-E26AF6658D51}
		{E9F4397A-917F-4ECA-A25A-7A6C7FFC91F0} = {3DB720C6-14BE-4ABF-BFE4-E26AF6658D51}
		{0588C2D1-6648-460F-9C65-41D113F5C458} = {3DF10C8E-A5E9-47D0-8E28-7D03E6531FF4}
		{CBA3CFB4-0268-4D61-BF4B-848C37D3614E} = {3DF10C8E-A5E9-47D0-8E28-7D03E6531FF4}
		{4008740E-6908-482E-A522-E0979B9F0F99} = {78C55BAC-F4A3-4C33-8A95-0EA37D814646}
		{09158F44-6852-407A-B749-4C9784FE53C6} = {78C55BAC-F4A3-4C33-8A95-0EA37D814646}
		{BCF55FC9-96BB-44B6-B751-8B156EE2E7D2} = {4939FDC7-5EFA-460B-B4F9-21482BB1929E}
		{F8671189-2125-438C-B4E0-CB2694C8CDC6} = {F201331E-D8DA-47B8-B91E-6D7314076B5B}
		{49CFF62F-FED1-4711-94C9-D6648960755D} = {F201331E-D8DA-47B8-B91E-6D7314076B5B}
	EndGlobalSection
	GlobalSection(ExtensibilityGlobals) = postSolution
		SolutionGuid = {B290D078-0F90-498E-9D1C-E5D4C7A12756}
	EndGlobalSection
EndGlobal
